{
  "name": "coursework",
  "lockfileVersion": 2,
  "requires": true,
  "packages": {
    "": {
      "dependencies": {
        "suggestags": "^1.27.0"
      }
    },
    "node_modules/jquery": {
      "version": "3.6.0",
      "resolved": "https://registry.npmjs.org/jquery/-/jquery-3.6.0.tgz",
      "integrity": "sha512-JVzAR/AjBvVt2BmYhxRCSYysDsPcssdmTFnzyLEts9qNwmjmu4JTAMYubEfwVOSwpQ1I1sKKFcxhZCI2buerfw=="
    },
    "node_modules/suggestags": {
      "version": "1.27.0",
      "resolved": "https://registry.npmjs.org/suggestags/-/suggestags-1.27.0.tgz",
      "integrity": "sha512-wtJVzozl9qju6gf1FE+Q1auHo+xiHKiFHEkpiIrMdLPBme+2BmxztKcRh9ahGldYU3EPiMocj2TfCf9KFzcfTQ==",
      "dependencies": {
        "jquery": ">=3.4.0"
      }
    },
    "vendor/symfony/ux-dropzone/Resources/assets": {
      "name": "@symfony/ux-dropzone",
      "version": "1.1.0",
      "extraneous": true,
      "license": "MIT",
      "devDependencies": {
        "@hotwired/stimulus": "^3.0.0"
      },
      "peerDependencies": {
        "@hotwired/stimulus": "^3.0.0"
      }
    }
  },
  "dependencies": {
    "jquery": {
      "version": "3.6.0",
      "resolved": "https://registry.npmjs.org/jquery/-/jquery-3.6.0.tgz",
      "integrity": "sha512-JVzAR/AjBvVt2BmYhxRCSYysDsPcssdmTFnzyLEts9qNwmjmu4JTAMYubEfwVOSwpQ1I1sKKFcxhZCI2buerfw=="
    },
    "suggestags": {
      "version": "1.27.0",
      "resolved": "https://registry.npmjs.org/suggestags/-/suggestags-1.27.0.tgz",
      "integrity": "sha512-wtJVzozl9qju6gf1FE+Q1auHo+xiHKiFHEkpiIrMdLPBme+2BmxztKcRh9ahGldYU3EPiMocj2TfCf9KFzcfTQ==",
      "requires": {
        "jquery": ">=3.4.0"
      }
    }
  }
}
